PODS:
  - DGCharts (5.0.0):
    - DGCharts/Core (= 5.0.0)
  - DGCharts/Core (5.0.0)
  - Realm (10.45.0):
    - Realm/Headers (= 10.45.0)
  - Realm/Headers (10.45.0)
  - RealmSwift (10.45.0):
    - Realm (= 10.45.0)
  - SnapKit (5.6.0)
  - SPConfetti (1.4.0)

DEPENDENCIES:
  - DGCharts
  - RealmSwift
  - SnapKit
  - SPConfetti

SPEC REPOS:
  trunk:
    - DGCharts
    - Realm
    - RealmSwift
    - SnapKit
    - SPConfetti

SPEC CHECKSUMS:
  DGCharts: 6e0cf2644e8f81ad13f04caa8bc18502870a1c54
  Realm: 6604fa855b0aa6e8cab451373445413708dca398
  RealmSwift: e5ae14b314f3569f053563f88366d6f07e9ade62
  SnapKit: e01d52ebb8ddbc333eefe2132acf85c8227d9c25
  SPConfetti: 4ba720ff652d960f59c3e4eadee2c0c3ef6ce9a4

PODFILE CHECKSUM: 4126952a0f78cfa09577e8fdb541c77bffdbf80b

COCOAPODS: 1.13.0
