// !$*UTF8*$!
{
	archiveVersion = 1;
	classes = {
	};
	objectVersion = 56;
	objects = {

/* Begin PBXBuildFile section */
		19463A722AFB60C0003B1908 /* BasicSwitcher.swift in Sources */ = {isa = PBXBuildFile; fileRef = 19463A712AFB60C0003B1908 /* BasicSwitcher.swift */; };
		19463A742AFB60D7003B1908 /* BasicSwitcher+ViewModel.swift in Sources */ = {isa = PBXBuildFile; fileRef = 19463A732AFB60D7003B1908 /* BasicSwitcher+ViewModel.swift */; };
		19463A762AFB699B003B1908 /* BasicImgView.swift in Sources */ = {isa = PBXBuildFile; fileRef = 19463A752AFB699B003B1908 /* BasicImgView.swift */; };
		194D8D332AE9506B00A42DFC /* AppDelegate.swift in Sources */ = {isa = PBXBuildFile; fileRef = 194D8D322AE9506B00A42DFC /* AppDelegate.swift */; };
		194D8D352AE9506B00A42DFC /* SceneDelegate.swift in Sources */ = {isa = PBXBuildFile; fileRef = 194D8D342AE9506B00A42DFC /* SceneDelegate.swift */; };
		194D8D3A2AE9506B00A42DFC /* Main.storyboard in Resources */ = {isa = PBXBuildFile; fileRef = 194D8D382AE9506B00A42DFC /* Main.storyboard */; };
		194D8D3C2AE9506C00A42DFC /* Assets.xcassets in Resources */ = {isa = PBXBuildFile; fileRef = 194D8D3B2AE9506C00A42DFC /* Assets.xcassets */; };
		194D8D3F2AE9506C00A42DFC /* LaunchScreen.storyboard in Resources */ = {isa = PBXBuildFile; fileRef = 194D8D3D2AE9506C00A42DFC /* LaunchScreen.storyboard */; };
		194D8D4A2AE95AB900A42DFC /* BasicViewController.swift in Sources */ = {isa = PBXBuildFile; fileRef = 194D8D492AE95AB900A42DFC /* BasicViewController.swift */; };
		194D8D4F2AE95D7700A42DFC /* CombinableModel.swift in Sources */ = {isa = PBXBuildFile; fileRef = 194D8D4E2AE95D7700A42DFC /* CombinableModel.swift */; };
		194D8D512AE95E3600A42DFC /* MainGameController.swift in Sources */ = {isa = PBXBuildFile; fileRef = 194D8D502AE95E3600A42DFC /* MainGameController.swift */; };
		194D8D542AE95E9800A42DFC /* MainGameControllerModel.swift in Sources */ = {isa = PBXBuildFile; fileRef = 194D8D532AE95E9800A42DFC /* MainGameControllerModel.swift */; };
		194D8D572AE9747800A42DFC /* BasicRools.swift in Sources */ = {isa = PBXBuildFile; fileRef = 194D8D562AE9747800A42DFC /* BasicRools.swift */; };
		194D8D592AE9823200A42DFC /* BasicMechanics.swift in Sources */ = {isa = PBXBuildFile; fileRef = 194D8D582AE9823200A42DFC /* BasicMechanics.swift */; };
		194D8D5D2AEA628E00A42DFC /* BasicButton.swift in Sources */ = {isa = PBXBuildFile; fileRef = 194D8D5C2AEA628E00A42DFC /* BasicButton.swift */; };
		194D8D5F2AEA62E300A42DFC /* BasicButton+ViewModel.swift in Sources */ = {isa = PBXBuildFile; fileRef = 194D8D5E2AEA62E300A42DFC /* BasicButton+ViewModel.swift */; };
		194D8D612AEA630900A42DFC /* Typealias.swift in Sources */ = {isa = PBXBuildFile; fileRef = 194D8D602AEA630900A42DFC /* Typealias.swift */; };
		194D8D642AEA635D00A42DFC /* TextValue.swift in Sources */ = {isa = PBXBuildFile; fileRef = 194D8D632AEA635D00A42DFC /* TextValue.swift */; };
		194D8D672AEA6CA500A42DFC /* BasicLabel.swift in Sources */ = {isa = PBXBuildFile; fileRef = 194D8D662AEA6CA500A42DFC /* BasicLabel.swift */; };
		194D8D692AEA6D3F00A42DFC /* BasicLabel+ViewModel.swift in Sources */ = {isa = PBXBuildFile; fileRef = 194D8D682AEA6D3F00A42DFC /* BasicLabel+ViewModel.swift */; };
		194D8D6C2AEA75B600A42DFC /* MainMenuController.swift in Sources */ = {isa = PBXBuildFile; fileRef = 194D8D6B2AEA75B600A42DFC /* MainMenuController.swift */; };
		194D8D6E2AEA75CA00A42DFC /* MainMenuControllerModel.swift in Sources */ = {isa = PBXBuildFile; fileRef = 194D8D6D2AEA75CA00A42DFC /* MainMenuControllerModel.swift */; };
		194D8D732AEC064200A42DFC /* RoolsController.swift in Sources */ = {isa = PBXBuildFile; fileRef = 194D8D722AEC064200A42DFC /* RoolsController.swift */; };
		194D8D752AEC065500A42DFC /* RoolsControllerModel.swift in Sources */ = {isa = PBXBuildFile; fileRef = 194D8D742AEC065500A42DFC /* RoolsControllerModel.swift */; };
		194D8D792AEC088F00A42DFC /* SettingsController.swift in Sources */ = {isa = PBXBuildFile; fileRef = 194D8D782AEC088F00A42DFC /* SettingsController.swift */; };
		194D8D7B2AEC08CE00A42DFC /* SettingsControllerModel.swift in Sources */ = {isa = PBXBuildFile; fileRef = 194D8D7A2AEC08CE00A42DFC /* SettingsControllerModel.swift */; };
		194D8D7E2AEC0B1E00A42DFC /* PlayersAmountController.swift in Sources */ = {isa = PBXBuildFile; fileRef = 194D8D7D2AEC0B1E00A42DFC /* PlayersAmountController.swift */; };
		194D8D802AEC0B4800A42DFC /* PlayersAmountControllerModel.swift in Sources */ = {isa = PBXBuildFile; fileRef = 194D8D7F2AEC0B4700A42DFC /* PlayersAmountControllerModel.swift */; };
		194D8D832AEC150800A42DFC /* PlayerModel.swift in Sources */ = {isa = PBXBuildFile; fileRef = 194D8D822AEC150800A42DFC /* PlayerModel.swift */; };
		194D8D862AEC173500A42DFC /* BasicTextField.swift in Sources */ = {isa = PBXBuildFile; fileRef = 194D8D852AEC173500A42DFC /* BasicTextField.swift */; };
		194D8D882AEC174100A42DFC /* BasicTextField+ViewModel.swift in Sources */ = {isa = PBXBuildFile; fileRef = 194D8D872AEC174100A42DFC /* BasicTextField+ViewModel.swift */; };
		194D8D8A2AF123A800A42DFC /* RoolsCheck.swift in Sources */ = {isa = PBXBuildFile; fileRef = 194D8D892AF123A800A42DFC /* RoolsCheck.swift */; };
		194D8D8C2AF3A20000A42DFC /* BasicView.swift in Sources */ = {isa = PBXBuildFile; fileRef = 194D8D8B2AF3A20000A42DFC /* BasicView.swift */; };
		194D8D912AF45E1700A42DFC /* AlfaSlabOne-Regular.ttf in Resources */ = {isa = PBXBuildFile; fileRef = 194D8D902AF45E1700A42DFC /* AlfaSlabOne-Regular.ttf */; };
		194D8D952AF462D800A42DFC /* FontValue.swift in Sources */ = {isa = PBXBuildFile; fileRef = 194D8D942AF462D800A42DFC /* FontValue.swift */; };
		194D8D992AF473C000A42DFC /* robotrondotmatrix.otf in Resources */ = {isa = PBXBuildFile; fileRef = 194D8D982AF473C000A42DFC /* robotrondotmatrix.otf */; };
		19578E7A2B0BA6AD00566B08 /* Ext Int.swift in Sources */ = {isa = PBXBuildFile; fileRef = 19578E792B0BA6AD00566B08 /* Ext Int.swift */; };
		19578E7D2B0BC6B100566B08 /* PlayerNamesController.swift in Sources */ = {isa = PBXBuildFile; fileRef = 19578E7C2B0BC6B100566B08 /* PlayerNamesController.swift */; };
		19578E7F2B0BC6C200566B08 /* PlayerNamesControllerModel.swift in Sources */ = {isa = PBXBuildFile; fileRef = 19578E7E2B0BC6C200566B08 /* PlayerNamesControllerModel.swift */; };
		19CDC7392B0BCED900A1B6D9 /* RealmManager.swift in Sources */ = {isa = PBXBuildFile; fileRef = 19CDC7382B0BCED900A1B6D9 /* RealmManager.swift */; };
		19CDC73B2B0BD03400A1B6D9 /* UserManager.swift in Sources */ = {isa = PBXBuildFile; fileRef = 19CDC73A2B0BD03400A1B6D9 /* UserManager.swift */; };
		19CDC73D2B0BF3BA00A1B6D9 /* Emojies.swift in Sources */ = {isa = PBXBuildFile; fileRef = 19CDC73C2B0BF3BA00A1B6D9 /* Emojies.swift */; };
		19CDC73F2B0BF77900A1B6D9 /* BasicTableCell.swift in Sources */ = {isa = PBXBuildFile; fileRef = 19CDC73E2B0BF77900A1B6D9 /* BasicTableCell.swift */; };
		19CDC7432B0BFB4F00A1B6D9 /* PlayerCellView.swift in Sources */ = {isa = PBXBuildFile; fileRef = 19CDC7422B0BFB4F00A1B6D9 /* PlayerCellView.swift */; };
		19CDC7472B0BFCE700A1B6D9 /* PlayerCellView+ViewModel.swift in Sources */ = {isa = PBXBuildFile; fileRef = 19CDC7462B0BFCE700A1B6D9 /* PlayerCellView+ViewModel.swift */; };
		D6408BB60E8899C145D6716D /* Pods_The_1000_Game.framework in Frameworks */ = {isa = PBXBuildFile; fileRef = 82675C1BB04D991236B1CA07 /* Pods_The_1000_Game.framework */; };
/* End PBXBuildFile section */

/* Begin PBXFileReference section */
		19463A712AFB60C0003B1908 /* BasicSwitcher.swift */ = {isa = PBXFileReference; lastKnownFileType = sourcecode.swift; path = BasicSwitcher.swift; sourceTree = "<group>"; };
		19463A732AFB60D7003B1908 /* BasicSwitcher+ViewModel.swift */ = {isa = PBXFileReference; lastKnownFileType = sourcecode.swift; path = "BasicSwitcher+ViewModel.swift"; sourceTree = "<group>"; };
		19463A752AFB699B003B1908 /* BasicImgView.swift */ = {isa = PBXFileReference; lastKnownFileType = sourcecode.swift; path = BasicImgView.swift; sourceTree = "<group>"; };
		194D8D2F2AE9506B00A42DFC /* The 1000 Game.app */ = {isa = PBXFileReference; explicitFileType = wrapper.application; includeInIndex = 0; path = "The 1000 Game.app"; sourceTree = BUILT_PRODUCTS_DIR; };
		194D8D322AE9506B00A42DFC /* AppDelegate.swift */ = {isa = PBXFileReference; lastKnownFileType = sourcecode.swift; path = AppDelegate.swift; sourceTree = "<group>"; };
		194D8D342AE9506B00A42DFC /* SceneDelegate.swift */ = {isa = PBXFileReference; lastKnownFileType = sourcecode.swift; path = SceneDelegate.swift; sourceTree = "<group>"; };
		194D8D392AE9506B00A42DFC /* Base */ = {isa = PBXFileReference; lastKnownFileType = file.storyboard; name = Base; path = Base.lproj/Main.storyboard; sourceTree = "<group>"; };
		194D8D3B2AE9506C00A42DFC /* Assets.xcassets */ = {isa = PBXFileReference; lastKnownFileType = folder.assetcatalog; path = Assets.xcassets; sourceTree = "<group>"; };
		194D8D3E2AE9506C00A42DFC /* Base */ = {isa = PBXFileReference; lastKnownFileType = file.storyboard; name = Base; path = Base.lproj/LaunchScreen.storyboard; sourceTree = "<group>"; };
		194D8D402AE9506C00A42DFC /* Info.plist */ = {isa = PBXFileReference; lastKnownFileType = text.plist.xml; path = Info.plist; sourceTree = "<group>"; };
		194D8D492AE95AB900A42DFC /* BasicViewController.swift */ = {isa = PBXFileReference; lastKnownFileType = sourcecode.swift; path = BasicViewController.swift; sourceTree = "<group>"; };
		194D8D4E2AE95D7700A42DFC /* CombinableModel.swift */ = {isa = PBXFileReference; lastKnownFileType = sourcecode.swift; path = CombinableModel.swift; sourceTree = "<group>"; };
		194D8D502AE95E3600A42DFC /* MainGameController.swift */ = {isa = PBXFileReference; lastKnownFileType = sourcecode.swift; path = MainGameController.swift; sourceTree = "<group>"; };
		194D8D532AE95E9800A42DFC /* MainGameControllerModel.swift */ = {isa = PBXFileReference; lastKnownFileType = sourcecode.swift; path = MainGameControllerModel.swift; sourceTree = "<group>"; };
		194D8D562AE9747800A42DFC /* BasicRools.swift */ = {isa = PBXFileReference; lastKnownFileType = sourcecode.swift; path = BasicRools.swift; sourceTree = "<group>"; };
		194D8D582AE9823200A42DFC /* BasicMechanics.swift */ = {isa = PBXFileReference; lastKnownFileType = sourcecode.swift; path = BasicMechanics.swift; sourceTree = "<group>"; };
		194D8D5C2AEA628E00A42DFC /* BasicButton.swift */ = {isa = PBXFileReference; lastKnownFileType = sourcecode.swift; path = BasicButton.swift; sourceTree = "<group>"; };
		194D8D5E2AEA62E300A42DFC /* BasicButton+ViewModel.swift */ = {isa = PBXFileReference; lastKnownFileType = sourcecode.swift; path = "BasicButton+ViewModel.swift"; sourceTree = "<group>"; };
		194D8D602AEA630900A42DFC /* Typealias.swift */ = {isa = PBXFileReference; lastKnownFileType = sourcecode.swift; path = Typealias.swift; sourceTree = "<group>"; };
		194D8D632AEA635D00A42DFC /* TextValue.swift */ = {isa = PBXFileReference; lastKnownFileType = sourcecode.swift; path = TextValue.swift; sourceTree = "<group>"; };
		194D8D662AEA6CA500A42DFC /* BasicLabel.swift */ = {isa = PBXFileReference; lastKnownFileType = sourcecode.swift; path = BasicLabel.swift; sourceTree = "<group>"; };
		194D8D682AEA6D3F00A42DFC /* BasicLabel+ViewModel.swift */ = {isa = PBXFileReference; lastKnownFileType = sourcecode.swift; path = "BasicLabel+ViewModel.swift"; sourceTree = "<group>"; };
		194D8D6B2AEA75B600A42DFC /* MainMenuController.swift */ = {isa = PBXFileReference; lastKnownFileType = sourcecode.swift; path = MainMenuController.swift; sourceTree = "<group>"; };
		194D8D6D2AEA75CA00A42DFC /* MainMenuControllerModel.swift */ = {isa = PBXFileReference; lastKnownFileType = sourcecode.swift; path = MainMenuControllerModel.swift; sourceTree = "<group>"; };
		194D8D722AEC064200A42DFC /* RoolsController.swift */ = {isa = PBXFileReference; lastKnownFileType = sourcecode.swift; path = RoolsController.swift; sourceTree = "<group>"; };
		194D8D742AEC065500A42DFC /* RoolsControllerModel.swift */ = {isa = PBXFileReference; lastKnownFileType = sourcecode.swift; path = RoolsControllerModel.swift; sourceTree = "<group>"; };
		194D8D782AEC088F00A42DFC /* SettingsController.swift */ = {isa = PBXFileReference; lastKnownFileType = sourcecode.swift; path = SettingsController.swift; sourceTree = "<group>"; };
		194D8D7A2AEC08CE00A42DFC /* SettingsControllerModel.swift */ = {isa = PBXFileReference; lastKnownFileType = sourcecode.swift; path = SettingsControllerModel.swift; sourceTree = "<group>"; };
		194D8D7D2AEC0B1E00A42DFC /* PlayersAmountController.swift */ = {isa = PBXFileReference; lastKnownFileType = sourcecode.swift; path = PlayersAmountController.swift; sourceTree = "<group>"; };
		194D8D7F2AEC0B4700A42DFC /* PlayersAmountControllerModel.swift */ = {isa = PBXFileReference; lastKnownFileType = sourcecode.swift; path = PlayersAmountControllerModel.swift; sourceTree = "<group>"; };
		194D8D822AEC150800A42DFC /* PlayerModel.swift */ = {isa = PBXFileReference; lastKnownFileType = sourcecode.swift; path = PlayerModel.swift; sourceTree = "<group>"; };
		194D8D852AEC173500A42DFC /* BasicTextField.swift */ = {isa = PBXFileReference; lastKnownFileType = sourcecode.swift; path = BasicTextField.swift; sourceTree = "<group>"; };
		194D8D872AEC174100A42DFC /* BasicTextField+ViewModel.swift */ = {isa = PBXFileReference; lastKnownFileType = sourcecode.swift; path = "BasicTextField+ViewModel.swift"; sourceTree = "<group>"; };
		194D8D892AF123A800A42DFC /* RoolsCheck.swift */ = {isa = PBXFileReference; lastKnownFileType = sourcecode.swift; path = RoolsCheck.swift; sourceTree = "<group>"; };
		194D8D8B2AF3A20000A42DFC /* BasicView.swift */ = {isa = PBXFileReference; lastKnownFileType = sourcecode.swift; path = BasicView.swift; sourceTree = "<group>"; };
		194D8D902AF45E1700A42DFC /* AlfaSlabOne-Regular.ttf */ = {isa = PBXFileReference; lastKnownFileType = file; name = "AlfaSlabOne-Regular.ttf"; path = "../../../../../../../Downloads/Alfa Slab One/AlfaSlabOne-Regular.ttf"; sourceTree = "<group>"; };
		194D8D942AF462D800A42DFC /* FontValue.swift */ = {isa = PBXFileReference; lastKnownFileType = sourcecode.swift; path = FontValue.swift; sourceTree = "<group>"; };
		194D8D982AF473C000A42DFC /* robotrondotmatrix.otf */ = {isa = PBXFileReference; lastKnownFileType = file; path = robotrondotmatrix.otf; sourceTree = "<group>"; };
		19578E792B0BA6AD00566B08 /* Ext Int.swift */ = {isa = PBXFileReference; lastKnownFileType = sourcecode.swift; path = "Ext Int.swift"; sourceTree = "<group>"; };
		19578E7C2B0BC6B100566B08 /* PlayerNamesController.swift */ = {isa = PBXFileReference; lastKnownFileType = sourcecode.swift; path = PlayerNamesController.swift; sourceTree = "<group>"; };
		19578E7E2B0BC6C200566B08 /* PlayerNamesControllerModel.swift */ = {isa = PBXFileReference; lastKnownFileType = sourcecode.swift; path = PlayerNamesControllerModel.swift; sourceTree = "<group>"; };
		19CDC7382B0BCED900A1B6D9 /* RealmManager.swift */ = {isa = PBXFileReference; lastKnownFileType = sourcecode.swift; path = RealmManager.swift; sourceTree = "<group>"; };
		19CDC73A2B0BD03400A1B6D9 /* UserManager.swift */ = {isa = PBXFileReference; lastKnownFileType = sourcecode.swift; path = UserManager.swift; sourceTree = "<group>"; };
		19CDC73C2B0BF3BA00A1B6D9 /* Emojies.swift */ = {isa = PBXFileReference; lastKnownFileType = sourcecode.swift; path = Emojies.swift; sourceTree = "<group>"; };
		19CDC73E2B0BF77900A1B6D9 /* BasicTableCell.swift */ = {isa = PBXFileReference; lastKnownFileType = sourcecode.swift; path = BasicTableCell.swift; sourceTree = "<group>"; };
		19CDC7422B0BFB4F00A1B6D9 /* PlayerCellView.swift */ = {isa = PBXFileReference; lastKnownFileType = sourcecode.swift; path = PlayerCellView.swift; sourceTree = "<group>"; };
		19CDC7462B0BFCE700A1B6D9 /* PlayerCellView+ViewModel.swift */ = {isa = PBXFileReference; lastKnownFileType = sourcecode.swift; path = "PlayerCellView+ViewModel.swift"; sourceTree = "<group>"; };
		82675C1BB04D991236B1CA07 /* Pods_The_1000_Game.framework */ = {isa = PBXFileReference; explicitFileType = wrapper.framework; includeInIndex = 0; path = Pods_The_1000_Game.framework; sourceTree = BUILT_PRODUCTS_DIR; };
		B5F743FCFC007B0E49EADAAA /* Pods-The 1000 Game.debug.xcconfig */ = {isa = PBXFileReference; includeInIndex = 1; lastKnownFileType = text.xcconfig; name = "Pods-The 1000 Game.debug.xcconfig"; path = "Target Support Files/Pods-The 1000 Game/Pods-The 1000 Game.debug.xcconfig"; sourceTree = "<group>"; };
		BC115ED0E6B21624CB171C87 /* Pods-The 1000 Game.release.xcconfig */ = {isa = PBXFileReference; includeInIndex = 1; lastKnownFileType = text.xcconfig; name = "Pods-The 1000 Game.release.xcconfig"; path = "Target Support Files/Pods-The 1000 Game/Pods-The 1000 Game.release.xcconfig"; sourceTree = "<group>"; };
/* End PBXFileReference section */

/* Begin PBXFrameworksBuildPhase section */
		194D8D2C2AE9506B00A42DFC /* Frameworks */ = {
			isa = PBXFrameworksBuildPhase;
			buildActionMask = 2147483647;
			files = (
				D6408BB60E8899C145D6716D /* Pods_The_1000_Game.framework in Frameworks */,
			);
			runOnlyForDeploymentPostprocessing = 0;
		};
/* End PBXFrameworksBuildPhase section */

/* Begin PBXGroup section */
		19463A702AFB6098003B1908 /* BasicToogle */ = {
			isa = PBXGroup;
			children = (
				19463A712AFB60C0003B1908 /* BasicSwitcher.swift */,
				19463A732AFB60D7003B1908 /* BasicSwitcher+ViewModel.swift */,
			);
			path = BasicToogle;
			sourceTree = "<group>";
		};
		194D8D262AE9506B00A42DFC = {
			isa = PBXGroup;
			children = (
				194D8D312AE9506B00A42DFC /* The 1000 Game */,
				194D8D302AE9506B00A42DFC /* Products */,
				57D1D8F40D3C289E0F81C23E /* Pods */,
				69674BAEB8EC7E2AAF6E6CEE /* Frameworks */,
			);
			sourceTree = "<group>";
		};
		194D8D302AE9506B00A42DFC /* Products */ = {
			isa = PBXGroup;
			children = (
				194D8D2F2AE9506B00A42DFC /* The 1000 Game.app */,
			);
			name = Products;
			sourceTree = "<group>";
		};
		194D8D312AE9506B00A42DFC /* The 1000 Game */ = {
			isa = PBXGroup;
			children = (
				19CDC7372B0BCECD00A1B6D9 /* Managers */,
				194D8D552AE9746200A42DFC /* Foundation */,
				194D8D812AEC14DE00A42DFC /* Models */,
				194D8D622AEA634900A42DFC /* Common */,
				194D8D482AE95A8900A42DFC /* Components */,
				19CDC7442B0BFC5E00A1B6D9 /* CellView */,
				194D8D462AE95A5600A42DFC /* Controllers */,
				194D8D472AE95A5E00A42DFC /* Basic */,
				19578E782B0BA68500566B08 /* Extensions */,
				194D8D322AE9506B00A42DFC /* AppDelegate.swift */,
				194D8D342AE9506B00A42DFC /* SceneDelegate.swift */,
				194D8D382AE9506B00A42DFC /* Main.storyboard */,
				194D8D3B2AE9506C00A42DFC /* Assets.xcassets */,
				194D8D8D2AF3B00B00A42DFC /* Fonts */,
				194D8D3D2AE9506C00A42DFC /* LaunchScreen.storyboard */,
				194D8D402AE9506C00A42DFC /* Info.plist */,
			);
			path = "The 1000 Game";
			sourceTree = "<group>";
		};
		194D8D462AE95A5600A42DFC /* Controllers */ = {
			isa = PBXGroup;
			children = (
				194D8D6A2AEA758D00A42DFC /* MainMenu */,
				194D8D7C2AEC092F00A42DFC /* PlayersAmount */,
				19578E7B2B0BC67C00566B08 /* PlayerNames */,
				194D8D652AEA6C7D00A42DFC /* MainGame */,
				194D8D6F2AEC03F500A42DFC /* Rools */,
				194D8D762AEC080F00A42DFC /* Settings */,
			);
			path = Controllers;
			sourceTree = "<group>";
		};
		194D8D472AE95A5E00A42DFC /* Basic */ = {
			isa = PBXGroup;
			children = (
				194D8D492AE95AB900A42DFC /* BasicViewController.swift */,
				194D8D4E2AE95D7700A42DFC /* CombinableModel.swift */,
			);
			path = Basic;
			sourceTree = "<group>";
		};
		194D8D482AE95A8900A42DFC /* Components */ = {
			isa = PBXGroup;
			children = (
				19CDC73E2B0BF77900A1B6D9 /* BasicTableCell.swift */,
				194D8D8B2AF3A20000A42DFC /* BasicView.swift */,
				19463A752AFB699B003B1908 /* BasicImgView.swift */,
				19463A702AFB6098003B1908 /* BasicToogle */,
				194D8D842AEC171300A42DFC /* BasicTextField */,
				194D8D5B2AEA615F00A42DFC /* BasicLabel */,
				194D8D5A2AEA614E00A42DFC /* BasicButton */,
			);
			path = Components;
			sourceTree = "<group>";
		};
		194D8D552AE9746200A42DFC /* Foundation */ = {
			isa = PBXGroup;
			children = (
				194D8D562AE9747800A42DFC /* BasicRools.swift */,
				194D8D582AE9823200A42DFC /* BasicMechanics.swift */,
				194D8D892AF123A800A42DFC /* RoolsCheck.swift */,
				19CDC73C2B0BF3BA00A1B6D9 /* Emojies.swift */,
			);
			path = Foundation;
			sourceTree = "<group>";
		};
		194D8D5A2AEA614E00A42DFC /* BasicButton */ = {
			isa = PBXGroup;
			children = (
				194D8D5C2AEA628E00A42DFC /* BasicButton.swift */,
				194D8D5E2AEA62E300A42DFC /* BasicButton+ViewModel.swift */,
			);
			path = BasicButton;
			sourceTree = "<group>";
		};
		194D8D5B2AEA615F00A42DFC /* BasicLabel */ = {
			isa = PBXGroup;
			children = (
				194D8D662AEA6CA500A42DFC /* BasicLabel.swift */,
				194D8D682AEA6D3F00A42DFC /* BasicLabel+ViewModel.swift */,
			);
			path = BasicLabel;
			sourceTree = "<group>";
		};
		194D8D622AEA634900A42DFC /* Common */ = {
			isa = PBXGroup;
			children = (
				194D8D942AF462D800A42DFC /* FontValue.swift */,
				194D8D632AEA635D00A42DFC /* TextValue.swift */,
				194D8D602AEA630900A42DFC /* Typealias.swift */,
			);
			path = Common;
			sourceTree = "<group>";
		};
		194D8D652AEA6C7D00A42DFC /* MainGame */ = {
			isa = PBXGroup;
			children = (
				194D8D502AE95E3600A42DFC /* MainGameController.swift */,
				194D8D532AE95E9800A42DFC /* MainGameControllerModel.swift */,
			);
			path = MainGame;
			sourceTree = "<group>";
		};
		194D8D6A2AEA758D00A42DFC /* MainMenu */ = {
			isa = PBXGroup;
			children = (
				194D8D6B2AEA75B600A42DFC /* MainMenuController.swift */,
				194D8D6D2AEA75CA00A42DFC /* MainMenuControllerModel.swift */,
			);
			path = MainMenu;
			sourceTree = "<group>";
		};
		194D8D6F2AEC03F500A42DFC /* Rools */ = {
			isa = PBXGroup;
			children = (
				194D8D722AEC064200A42DFC /* RoolsController.swift */,
				194D8D742AEC065500A42DFC /* RoolsControllerModel.swift */,
			);
			path = Rools;
			sourceTree = "<group>";
		};
		194D8D762AEC080F00A42DFC /* Settings */ = {
			isa = PBXGroup;
			children = (
				194D8D782AEC088F00A42DFC /* SettingsController.swift */,
				194D8D7A2AEC08CE00A42DFC /* SettingsControllerModel.swift */,
			);
			path = Settings;
			sourceTree = "<group>";
		};
		194D8D7C2AEC092F00A42DFC /* PlayersAmount */ = {
			isa = PBXGroup;
			children = (
				194D8D7D2AEC0B1E00A42DFC /* PlayersAmountController.swift */,
				194D8D7F2AEC0B4700A42DFC /* PlayersAmountControllerModel.swift */,
			);
			path = PlayersAmount;
			sourceTree = "<group>";
		};
		194D8D812AEC14DE00A42DFC /* Models */ = {
			isa = PBXGroup;
			children = (
				194D8D822AEC150800A42DFC /* PlayerModel.swift */,
			);
			path = Models;
			sourceTree = "<group>";
		};
		194D8D842AEC171300A42DFC /* BasicTextField */ = {
			isa = PBXGroup;
			children = (
				194D8D852AEC173500A42DFC /* BasicTextField.swift */,
				194D8D872AEC174100A42DFC /* BasicTextField+ViewModel.swift */,
			);
			path = BasicTextField;
			sourceTree = "<group>";
		};
		194D8D8D2AF3B00B00A42DFC /* Fonts */ = {
			isa = PBXGroup;
			children = (
				194D8D902AF45E1700A42DFC /* AlfaSlabOne-Regular.ttf */,
				194D8D982AF473C000A42DFC /* robotrondotmatrix.otf */,
			);
			path = Fonts;
			sourceTree = "<group>";
		};
		19578E782B0BA68500566B08 /* Extensions */ = {
			isa = PBXGroup;
			children = (
				19578E792B0BA6AD00566B08 /* Ext Int.swift */,
			);
			path = Extensions;
			sourceTree = "<group>";
		};
		19578E7B2B0BC67C00566B08 /* PlayerNames */ = {
			isa = PBXGroup;
			children = (
				19578E7C2B0BC6B100566B08 /* PlayerNamesController.swift */,
				19578E7E2B0BC6C200566B08 /* PlayerNamesControllerModel.swift */,
			);
			path = PlayerNames;
			sourceTree = "<group>";
		};
		19CDC7372B0BCECD00A1B6D9 /* Managers */ = {
			isa = PBXGroup;
			children = (
				19CDC7382B0BCED900A1B6D9 /* RealmManager.swift */,
				19CDC73A2B0BD03400A1B6D9 /* UserManager.swift */,
			);
			path = Managers;
			sourceTree = "<group>";
		};
		19CDC7442B0BFC5E00A1B6D9 /* CellView */ = {
			isa = PBXGroup;
			children = (
				19CDC7452B0BFCB400A1B6D9 /* PlayerCell */,
			);
			path = CellView;
			sourceTree = "<group>";
		};
		19CDC7452B0BFCB400A1B6D9 /* PlayerCell */ = {
			isa = PBXGroup;
			children = (
				19CDC7422B0BFB4F00A1B6D9 /* PlayerCellView.swift */,
				19CDC7462B0BFCE700A1B6D9 /* PlayerCellView+ViewModel.swift */,
			);
			path = PlayerCell;
			sourceTree = "<group>";
		};
		57D1D8F40D3C289E0F81C23E /* Pods */ = {
			isa = PBXGroup;
			children = (
				B5F743FCFC007B0E49EADAAA /* Pods-The 1000 Game.debug.xcconfig */,
				BC115ED0E6B21624CB171C87 /* Pods-The 1000 Game.release.xcconfig */,
			);
			path = Pods;
			sourceTree = "<group>";
		};
		69674BAEB8EC7E2AAF6E6CEE /* Frameworks */ = {
			isa = PBXGroup;
			children = (
				82675C1BB04D991236B1CA07 /* Pods_The_1000_Game.framework */,
			);
			name = Frameworks;
			sourceTree = "<group>";
		};
/* End PBXGroup section */

/* Begin PBXNativeTarget section */
		194D8D2E2AE9506B00A42DFC /* The 1000 Game */ = {
			isa = PBXNativeTarget;
			buildConfigurationList = 194D8D432AE9506C00A42DFC /* Build configuration list for PBXNativeTarget "The 1000 Game" */;
			buildPhases = (
				373200414686716AD7B3F392 /* [CP] Check Pods Manifest.lock */,
				194D8D2B2AE9506B00A42DFC /* Sources */,
				194D8D2C2AE9506B00A42DFC /* Frameworks */,
				194D8D2D2AE9506B00A42DFC /* Resources */,
				014939BA7305B16B75A698A0 /* [CP] Embed Pods Frameworks */,
			);
			buildRules = (
			);
			dependencies = (
			);
			name = "The 1000 Game";
			productName = "The 1000 Game";
			productReference = 194D8D2F2AE9506B00A42DFC /* The 1000 Game.app */;
			productType = "com.apple.product-type.application";
		};
/* End PBXNativeTarget section */

/* Begin PBXProject section */
		194D8D272AE9506B00A42DFC /* Project object */ = {
			isa = PBXProject;
			attributes = {
				BuildIndependentTargetsInParallel = 1;
				LastSwiftUpdateCheck = 1420;
				LastUpgradeCheck = 1420;
				TargetAttributes = {
					194D8D2E2AE9506B00A42DFC = {
						CreatedOnToolsVersion = 14.2;
					};
				};
			};
			buildConfigurationList = 194D8D2A2AE9506B00A42DFC /* Build configuration list for PBXProject "The 1000 Game" */;
			compatibilityVersion = "Xcode 14.0";
			developmentRegion = en;
			hasScannedForEncodings = 0;
			knownRegions = (
				en,
				Base,
			);
			mainGroup = 194D8D262AE9506B00A42DFC;
			productRefGroup = 194D8D302AE9506B00A42DFC /* Products */;
			projectDirPath = "";
			projectRoot = "";
			targets = (
				194D8D2E2AE9506B00A42DFC /* The 1000 Game */,
			);
		};
/* End PBXProject section */

/* Begin PBXResourcesBuildPhase section */
		194D8D2D2AE9506B00A42DFC /* Resources */ = {
			isa = PBXResourcesBuildPhase;
			buildActionMask = 2147483647;
			files = (
				194D8D3F2AE9506C00A42DFC /* LaunchScreen.storyboard in Resources */,
				194D8D3C2AE9506C00A42DFC /* Assets.xcassets in Resources */,
				194D8D912AF45E1700A42DFC /* AlfaSlabOne-Regular.ttf in Resources */,
				194D8D3A2AE9506B00A42DFC /* Main.storyboard in Resources */,
				194D8D992AF473C000A42DFC /* robotrondotmatrix.otf in Resources */,
			);
			runOnlyForDeploymentPostprocessing = 0;
		};
/* End PBXResourcesBuildPhase section */

/* Begin PBXShellScriptBuildPhase section */
		014939BA7305B16B75A698A0 /* [CP] Embed Pods Frameworks */ = {
			isa = PBXShellScriptBuildPhase;
			buildActionMask = 2147483647;
			files = (
			);
			inputFileListPaths = (
				"${PODS_ROOT}/Target Support Files/Pods-The 1000 Game/Pods-The 1000 Game-frameworks-${CONFIGURATION}-input-files.xcfilelist",
			);
			name = "[CP] Embed Pods Frameworks";
			outputFileListPaths = (
				"${PODS_ROOT}/Target Support Files/Pods-The 1000 Game/Pods-The 1000 Game-frameworks-${CONFIGURATION}-output-files.xcfilelist",
			);
			runOnlyForDeploymentPostprocessing = 0;
			shellPath = /bin/sh;
			shellScript = "\"${PODS_ROOT}/Target Support Files/Pods-The 1000 Game/Pods-The 1000 Game-frameworks.sh\"\n";
			showEnvVarsInLog = 0;
		};
		373200414686716AD7B3F392 /* [CP] Check Pods Manifest.lock */ = {
			isa = PBXShellScriptBuildPhase;
			buildActionMask = 2147483647;
			files = (
			);
			inputFileListPaths = (
			);
			inputPaths = (
				"${PODS_PODFILE_DIR_PATH}/Podfile.lock",
				"${PODS_ROOT}/Manifest.lock",
			);
			name = "[CP] Check Pods Manifest.lock";
			outputFileListPaths = (
			);
			outputPaths = (
				"$(DERIVED_FILE_DIR)/Pods-The 1000 Game-checkManifestLockResult.txt",
			);
			runOnlyForDeploymentPostprocessing = 0;
			shellPath = /bin/sh;
			shellScript = "diff \"${PODS_PODFILE_DIR_PATH}/Podfile.lock\" \"${PODS_ROOT}/Manifest.lock\" > /dev/null\nif [ $? != 0 ] ; then\n    # print error to STDERR\n    echo \"error: The sandbox is not in sync with the Podfile.lock. Run 'pod install' or update your CocoaPods installation.\" >&2\n    exit 1\nfi\n# This output is used by Xcode 'outputs' to avoid re-running this script phase.\necho \"SUCCESS\" > \"${SCRIPT_OUTPUT_FILE_0}\"\n";
			showEnvVarsInLog = 0;
		};
/* End PBXShellScriptBuildPhase section */

/* Begin PBXSourcesBuildPhase section */
		194D8D2B2AE9506B00A42DFC /* Sources */ = {
			isa = PBXSourcesBuildPhase;
			buildActionMask = 2147483647;
			files = (
				194D8D732AEC064200A42DFC /* RoolsController.swift in Sources */,
				19CDC73D2B0BF3BA00A1B6D9 /* Emojies.swift in Sources */,
				19CDC73F2B0BF77900A1B6D9 /* BasicTableCell.swift in Sources */,
				194D8D752AEC065500A42DFC /* RoolsControllerModel.swift in Sources */,
				194D8D7B2AEC08CE00A42DFC /* SettingsControllerModel.swift in Sources */,
				194D8D642AEA635D00A42DFC /* TextValue.swift in Sources */,
				19578E7A2B0BA6AD00566B08 /* Ext Int.swift in Sources */,
				194D8D802AEC0B4800A42DFC /* PlayersAmountControllerModel.swift in Sources */,
				194D8D332AE9506B00A42DFC /* AppDelegate.swift in Sources */,
				19463A762AFB699B003B1908 /* BasicImgView.swift in Sources */,
				194D8D612AEA630900A42DFC /* Typealias.swift in Sources */,
				194D8D4F2AE95D7700A42DFC /* CombinableModel.swift in Sources */,
				194D8D512AE95E3600A42DFC /* MainGameController.swift in Sources */,
				194D8D5D2AEA628E00A42DFC /* BasicButton.swift in Sources */,
				19CDC7392B0BCED900A1B6D9 /* RealmManager.swift in Sources */,
				194D8D952AF462D800A42DFC /* FontValue.swift in Sources */,
				19463A742AFB60D7003B1908 /* BasicSwitcher+ViewModel.swift in Sources */,
				19578E7F2B0BC6C200566B08 /* PlayerNamesControllerModel.swift in Sources */,
				194D8D882AEC174100A42DFC /* BasicTextField+ViewModel.swift in Sources */,
				194D8D862AEC173500A42DFC /* BasicTextField.swift in Sources */,
				19CDC73B2B0BD03400A1B6D9 /* UserManager.swift in Sources */,
				194D8D8C2AF3A20000A42DFC /* BasicView.swift in Sources */,
				194D8D4A2AE95AB900A42DFC /* BasicViewController.swift in Sources */,
				194D8D832AEC150800A42DFC /* PlayerModel.swift in Sources */,
				194D8D6E2AEA75CA00A42DFC /* MainMenuControllerModel.swift in Sources */,
				194D8D592AE9823200A42DFC /* BasicMechanics.swift in Sources */,
				194D8D542AE95E9800A42DFC /* MainGameControllerModel.swift in Sources */,
				194D8D7E2AEC0B1E00A42DFC /* PlayersAmountController.swift in Sources */,
				19463A722AFB60C0003B1908 /* BasicSwitcher.swift in Sources */,
				194D8D5F2AEA62E300A42DFC /* BasicButton+ViewModel.swift in Sources */,
				194D8D692AEA6D3F00A42DFC /* BasicLabel+ViewModel.swift in Sources */,
				194D8D672AEA6CA500A42DFC /* BasicLabel.swift in Sources */,
				19CDC7472B0BFCE700A1B6D9 /* PlayerCellView+ViewModel.swift in Sources */,
				194D8D792AEC088F00A42DFC /* SettingsController.swift in Sources */,
				19578E7D2B0BC6B100566B08 /* PlayerNamesController.swift in Sources */,
				194D8D8A2AF123A800A42DFC /* RoolsCheck.swift in Sources */,
				19CDC7432B0BFB4F00A1B6D9 /* PlayerCellView.swift in Sources */,
				194D8D572AE9747800A42DFC /* BasicRools.swift in Sources */,
				194D8D352AE9506B00A42DFC /* SceneDelegate.swift in Sources */,
				194D8D6C2AEA75B600A42DFC /* MainMenuController.swift in Sources */,
			);
			runOnlyForDeploymentPostprocessing = 0;
		};
/* End PBXSourcesBuildPhase section */

/* Begin PBXVariantGroup section */
		194D8D382AE9506B00A42DFC /* Main.storyboard */ = {
			isa = PBXVariantGroup;
			children = (
				194D8D392AE9506B00A42DFC /* Base */,
			);
			name = Main.storyboard;
			sourceTree = "<group>";
		};
		194D8D3D2AE9506C00A42DFC /* LaunchScreen.storyboard */ = {
			isa = PBXVariantGroup;
			children = (
				194D8D3E2AE9506C00A42DFC /* Base */,
			);
			name = LaunchScreen.storyboard;
			sourceTree = "<group>";
		};
/* End PBXVariantGroup section */

/* Begin XCBuildConfiguration section */
		194D8D412AE9506C00A42DFC /* Debug */ = {
			isa = XCBuildConfiguration;
			buildSettings = {
				ALWAYS_SEARCH_USER_PATHS = NO;
				CLANG_ANALYZER_NONNULL = YES;
				CLANG_ANALYZER_NUMBER_OBJECT_CONVERSION = YES_AGGRESSIVE;
				CLANG_CXX_LANGUAGE_STANDARD = "gnu++20";
				CLANG_ENABLE_MODULES = YES;
				CLANG_ENABLE_OBJC_ARC = YES;
				CLANG_ENABLE_OBJC_WEAK = YES;
				CLANG_WARN_BLOCK_CAPTURE_AUTORELEASING = YES;
				CLANG_WARN_BOOL_CONVERSION = YES;
				CLANG_WARN_COMMA = YES;
				CLANG_WARN_CONSTANT_CONVERSION = YES;
				CLANG_WARN_DEPRECATED_OBJC_IMPLEMENTATIONS = YES;
				CLANG_WARN_DIRECT_OBJC_ISA_USAGE = YES_ERROR;
				CLANG_WARN_DOCUMENTATION_COMMENTS = YES;
				CLANG_WARN_EMPTY_BODY = YES;
				CLANG_WARN_ENUM_CONVERSION = YES;
				CLANG_WARN_INFINITE_RECURSION = YES;
				CLANG_WARN_INT_CONVERSION = YES;
				CLANG_WARN_NON_LITERAL_NULL_CONVERSION = YES;
				CLANG_WARN_OBJC_IMPLICIT_RETAIN_SELF = YES;
				CLANG_WARN_OBJC_LITERAL_CONVERSION = YES;
				CLANG_WARN_OBJC_ROOT_CLASS = YES_ERROR;
				CLANG_WARN_QUOTED_INCLUDE_IN_FRAMEWORK_HEADER = YES;
				CLANG_WARN_RANGE_LOOP_ANALYSIS = YES;
				CLANG_WARN_STRICT_PROTOTYPES = YES;
				CLANG_WARN_SUSPICIOUS_MOVE = YES;
				CLANG_WARN_UNGUARDED_AVAILABILITY = YES_AGGRESSIVE;
				CLANG_WARN_UNREACHABLE_CODE = YES;
				CLANG_WARN__DUPLICATE_METHOD_MATCH = YES;
				COPY_PHASE_STRIP = NO;
				DEBUG_INFORMATION_FORMAT = dwarf;
				ENABLE_STRICT_OBJC_MSGSEND = YES;
				ENABLE_TESTABILITY = YES;
				GCC_C_LANGUAGE_STANDARD = gnu11;
				GCC_DYNAMIC_NO_PIC = NO;
				GCC_NO_COMMON_BLOCKS = YES;
				GCC_OPTIMIZATION_LEVEL = 0;
				GCC_PREPROCESSOR_DEFINITIONS = (
					"DEBUG=1",
					"$(inherited)",
				);
				GCC_WARN_64_TO_32_BIT_CONVERSION = YES;
				GCC_WARN_ABOUT_RETURN_TYPE = YES_ERROR;
				GCC_WARN_UNDECLARED_SELECTOR = YES;
				GCC_WARN_UNINITIALIZED_AUTOS = YES_AGGRESSIVE;
				GCC_WARN_UNUSED_FUNCTION = YES;
				GCC_WARN_UNUSED_VARIABLE = YES;
				IPHONEOS_DEPLOYMENT_TARGET = 16.2;
				MTL_ENABLE_DEBUG_INFO = INCLUDE_SOURCE;
				MTL_FAST_MATH = YES;
				ONLY_ACTIVE_ARCH = YES;
				SDKROOT = iphoneos;
				SWIFT_ACTIVE_COMPILATION_CONDITIONS = DEBUG;
				SWIFT_OPTIMIZATION_LEVEL = "-Onone";
			};
			name = Debug;
		};
		194D8D422AE9506C00A42DFC /* Release */ = {
			isa = XCBuildConfiguration;
			buildSettings = {
				ALWAYS_SEARCH_USER_PATHS = NO;
				CLANG_ANALYZER_NONNULL = YES;
				CLANG_ANALYZER_NUMBER_OBJECT_CONVERSION = YES_AGGRESSIVE;
				CLANG_CXX_LANGUAGE_STANDARD = "gnu++20";
				CLANG_ENABLE_MODULES = YES;
				CLANG_ENABLE_OBJC_ARC = YES;
				CLANG_ENABLE_OBJC_WEAK = YES;
				CLANG_WARN_BLOCK_CAPTURE_AUTORELEASING = YES;
				CLANG_WARN_BOOL_CONVERSION = YES;
				CLANG_WARN_COMMA = YES;
				CLANG_WARN_CONSTANT_CONVERSION = YES;
				CLANG_WARN_DEPRECATED_OBJC_IMPLEMENTATIONS = YES;
				CLANG_WARN_DIRECT_OBJC_ISA_USAGE = YES_ERROR;
				CLANG_WARN_DOCUMENTATION_COMMENTS = YES;
				CLANG_WARN_EMPTY_BODY = YES;
				CLANG_WARN_ENUM_CONVERSION = YES;
				CLANG_WARN_INFINITE_RECURSION = YES;
				CLANG_WARN_INT_CONVERSION = YES;
				CLANG_WARN_NON_LITERAL_NULL_CONVERSION = YES;
				CLANG_WARN_OBJC_IMPLICIT_RETAIN_SELF = YES;
				CLANG_WARN_OBJC_LITERAL_CONVERSION = YES;
				CLANG_WARN_OBJC_ROOT_CLASS = YES_ERROR;
				CLANG_WARN_QUOTED_INCLUDE_IN_FRAMEWORK_HEADER = YES;
				CLANG_WARN_RANGE_LOOP_ANALYSIS = YES;
				CLANG_WARN_STRICT_PROTOTYPES = YES;
				CLANG_WARN_SUSPICIOUS_MOVE = YES;
				CLANG_WARN_UNGUARDED_AVAILABILITY = YES_AGGRESSIVE;
				CLANG_WARN_UNREACHABLE_CODE = YES;
				CLANG_WARN__DUPLICATE_METHOD_MATCH = YES;
				COPY_PHASE_STRIP = NO;
				DEBUG_INFORMATION_FORMAT = "dwarf-with-dsym";
				ENABLE_NS_ASSERTIONS = NO;
				ENABLE_STRICT_OBJC_MSGSEND = YES;
				GCC_C_LANGUAGE_STANDARD = gnu11;
				GCC_NO_COMMON_BLOCKS = YES;
				GCC_WARN_64_TO_32_BIT_CONVERSION = YES;
				GCC_WARN_ABOUT_RETURN_TYPE = YES_ERROR;
				GCC_WARN_UNDECLARED_SELECTOR = YES;
				GCC_WARN_UNINITIALIZED_AUTOS = YES_AGGRESSIVE;
				GCC_WARN_UNUSED_FUNCTION = YES;
				GCC_WARN_UNUSED_VARIABLE = YES;
				IPHONEOS_DEPLOYMENT_TARGET = 16.2;
				MTL_ENABLE_DEBUG_INFO = NO;
				MTL_FAST_MATH = YES;
				SDKROOT = iphoneos;
				SWIFT_COMPILATION_MODE = wholemodule;
				SWIFT_OPTIMIZATION_LEVEL = "-O";
				VALIDATE_PRODUCT = YES;
			};
			name = Release;
		};
		194D8D442AE9506C00A42DFC /* Debug */ = {
			isa = XCBuildConfiguration;
			baseConfigurationReference = B5F743FCFC007B0E49EADAAA /* Pods-The 1000 Game.debug.xcconfig */;
			buildSettings = {
				ASSETCATALOG_COMPILER_APPICON_NAME = AppIcon;
				ASSETCATALOG_COMPILER_GLOBAL_ACCENT_COLOR_NAME = AccentColor;
				CODE_SIGN_STYLE = Automatic;
				CURRENT_PROJECT_VERSION = 1;
				DEVELOPMENT_TEAM = 5647E85F7M;
				GENERATE_INFOPLIST_FILE = YES;
				INFOPLIST_FILE = "The 1000 Game/Info.plist";
				INFOPLIST_KEY_LSApplicationCategoryType = "public.app-category.dice-games";
				INFOPLIST_KEY_UIApplicationSupportsIndirectInputEvents = YES;
				INFOPLIST_KEY_UILaunchStoryboardName = LaunchScreen;
				INFOPLIST_KEY_UIMainStoryboardFile = Main;
				INFOPLIST_KEY_UISupportedInterfaceOrientations = UIInterfaceOrientationPortrait;
				INFOPLIST_KEY_UISupportedInterfaceOrientations_iPad = "UIInterfaceOrientationPortrait UIInterfaceOrientationPortraitUpsideDown";
				LD_RUNPATH_SEARCH_PATHS = (
					"$(inherited)",
					"@executable_path/Frameworks",
				);
				MARKETING_VERSION = 1.0;
				PRODUCT_BUNDLE_IDENTIFIER = "sanchez.The-1000-Game";
				PRODUCT_NAME = "$(TARGET_NAME)";
				SWIFT_EMIT_LOC_STRINGS = YES;
				SWIFT_VERSION = 5.0;
				TARGETED_DEVICE_FAMILY = "1,2";
			};
			name = Debug;
		};
		194D8D452AE9506C00A42DFC /* Release */ = {
			isa = XCBuildConfiguration;
			baseConfigurationReference = BC115ED0E6B21624CB171C87 /* Pods-The 1000 Game.release.xcconfig */;
			buildSettings = {
				ASSETCATALOG_COMPILER_APPICON_NAME = AppIcon;
				ASSETCATALOG_COMPILER_GLOBAL_ACCENT_COLOR_NAME = AccentColor;
				CODE_SIGN_STYLE = Automatic;
				CURRENT_PROJECT_VERSION = 1;
				DEVELOPMENT_TEAM = 5647E85F7M;
				GENERATE_INFOPLIST_FILE = YES;
				INFOPLIST_FILE = "The 1000 Game/Info.plist";
				INFOPLIST_KEY_LSApplicationCategoryType = "public.app-category.dice-games";
				INFOPLIST_KEY_UIApplicationSupportsIndirectInputEvents = YES;
				INFOPLIST_KEY_UILaunchStoryboardName = LaunchScreen;
				INFOPLIST_KEY_UIMainStoryboardFile = Main;
				INFOPLIST_KEY_UISupportedInterfaceOrientations = UIInterfaceOrientationPortrait;
				INFOPLIST_KEY_UISupportedInterfaceOrientations_iPad = "UIInterfaceOrientationPortrait UIInterfaceOrientationPortraitUpsideDown";
				LD_RUNPATH_SEARCH_PATHS = (
					"$(inherited)",
					"@executable_path/Frameworks",
				);
				MARKETING_VERSION = 1.0;
				PRODUCT_BUNDLE_IDENTIFIER = "sanchez.The-1000-Game";
				PRODUCT_NAME = "$(TARGET_NAME)";
				SWIFT_EMIT_LOC_STRINGS = YES;
				SWIFT_VERSION = 5.0;
				TARGETED_DEVICE_FAMILY = "1,2";
			};
			name = Release;
		};
/* End XCBuildConfiguration section */

/* Begin XCConfigurationList section */
		194D8D2A2AE9506B00A42DFC /* Build configuration list for PBXProject "The 1000 Game" */ = {
			isa = XCConfigurationList;
			buildConfigurations = (
				194D8D412AE9506C00A42DFC /* Debug */,
				194D8D422AE9506C00A42DFC /* Release */,
			);
			defaultConfigurationIsVisible = 0;
			defaultConfigurationName = Release;
		};
		194D8D432AE9506C00A42DFC /* Build configuration list for PBXNativeTarget "The 1000 Game" */ = {
			isa = XCConfigurationList;
			buildConfigurations = (
				194D8D442AE9506C00A42DFC /* Debug */,
				194D8D452AE9506C00A42DFC /* Release */,
			);
			defaultConfigurationIsVisible = 0;
			defaultConfigurationName = Release;
		};
/* End XCConfigurationList section */
	};
	rootObject = 194D8D272AE9506B00A42DFC /* Project object */;
}
